github.com/NickBall/go-aes-key-wrap v0.0.0-20170929221519-1c3aa3e4dfc5/go.mod h1:w5D10RxC0NmPYxmQ438CC1S07zaC1zpvuNW7s5sUk2Q=
github.com/abiosoft/ishell v2.0.0+incompatible h1:zpwIuEHc37EzrsIYah3cpevrIc8Oma7oZPxr03tlmmw=
github.com/abiosoft/ishell v2.0.0+incompatible/go.mod h1:HQR9AqF2R3P4XXpMpI0NAzgHf/aS6+zVXRj14cVk9qg=
github.com/abiosoft/readline v0.0.0-20180607040430-155bce2042db h1:CjPUSXOiYptLbTdr1RceuZgSFDQ7U15ITERUGrUORx8=
github.com/abiosoft/readline v0.0.0-20180607040430-155bce2042db/go.mod h1:rB3B4rKii8V21ydCbIzH5hZiCQE7f5E9SzUb/ZZx530=
github.com/cheggaaa/pb v1.0.18 h1:G/DgkKaBP0V5lnBg/vx61nVxxAU+VqU5yMzSc0f2PPE=
github.com/cheggaaa/pb v1.0.18/go.mod h1:pQciLPpbU0oxA0h+VJYYLxO+XeDQb5pZijXscXHm81s=
github.com/chzyer/logex v1.1.10 h1:Swpa1K6QvQznwJRcfTfQJmTE72DqScAa40E+fbHEXEE=
github.com/chzyer/logex v1.1.10/go.mod h1:+Ywpsq7O8HXn0nuIou7OrIPyXbp3wmkHB+jjWRnGsAI=
github.com/chzyer/readline v0.0.0-20171208011716-f6d7a1f6fbf3 h1:T7Bw4H6z3WAZ2khw+gfKdYmbKHyy5xiHtk9IHfZqm7g=
github.com/chzyer/readline v0.0.0-20171208011716-f6d7a1f6fbf3/go.mod h1:nSuG5e5PlCu98SY8svDHJxuZscDgtXS6KTTbou5AhLI=
github.com/chzyer/test v0.0.0-20180213035817-a1ea475d72b1 h1:q763qf9huN11kDQavWsoZXJNW3xEE4JJyHa5Q25/sd8=
github.com/chzyer/test v0.0.0-20180213035817-a1ea475d72b1/go.mod h1:Q3SI9o4m/ZMnBNeIyt5eFwwo7qiLfzFZmjNmxjkiQlU=
github.com/davecgh/go-spew v1.1.1 h1:vj9j/u1bqnvCEfJOwUhtlOARqs3+rkHYY13jYWTU97c=
github.com/davecgh/go-spew v1.1.1/go.mod h1:J7Y8YcW2NihsgmVo/mv3lAwl/skON4iLHjSsI+c5H38=
github.com/fatih/color v1.5.0 h1:vBh+kQp8lg9XPr56u1CPrWjFXtdphMoGWVHr9/1c+A0=
github.com/fatih/color v1.5.0/go.mod h1:Zm6kSWBoL9eyXnKyktHP6abPY2pDugNf5KwzbycvMj4=
github.com/fatih/structs v1.0.0 h1:BrX964Rv5uQ3wwS+KRUAJCBBw5PQmgJfJ6v4yly5QwU=
github.com/fatih/structs v1.0.0/go.mod h1:9NiDSp5zOcgEDl+j00MP/WkGVPOlPRLejGD8Ga6PJ7M=
github.com/flynn-archive/go-shlex v0.0.0-20150515145356-3f9db97f8568 h1:BMXYYRWTLOJKlh+lOBt6nUQgXAfB7oVIQt5cNreqSLI=
github.com/flynn-archive/go-shlex v0.0.0-20150515145356-3f9db97f8568/go.mod h1:rZfgFAXFS/z/lEd6LJmf9HVZ1LkgYiHx5pHhV5DR16M=
github.com/go-ble/ble v0.0.0-20181002102605-e78417b510a3 h1:rsLGztXl2QJvj4x/PAWzC1Zx6tnTDKlosaXAZfaXM8M=
github.com/go-ble/ble v0.0.0-20181002102605-e78417b510a3/go.mod h1:UMPB54/KFpdTdfH7Yovhk3J6kzgzE88e3QZi8cbayis=
github.com/inconshreveable/mousetrap v1.0.0 h1:Z8tu5sraLXCXIcARxBp/8cbvlwVa7Z1NHg9XEKhtSvM=
github.com/inconshreveable/mousetrap v1.0.0/go.mod h1:PxqpIevigyE2G7u3NXJIT2ANytuPF1OarO4DADm73n8=
github.com/joaojeronimo/go-crc16 v0.0.0-20140729130949-59bd0194935e h1:LY29wmnTcSR92avOm1dW0LSjeE3d9Xnhm/mpGzMT/wc=
github.com/joaojeronimo/go-crc16 v0.0.0-20140729130949-59bd0194935e/go.mod h1:+X++CLDTje8Yr7J4bGuUYx5LVbNpXPeO5ZLpI42hKVk=
github.com/konsorten/go-windows-terminal-sequences v1.0.1 h1:mweAR1A6xJ3oS2pRaGiHgQ4OO8tzTaLawm8vnODuwDk=
github.com/konsorten/go-windows-terminal-sequences v1.0.1/go.mod h1:T0+1ngSBFLxvqU3pZ+m/2kptfBszLMUkC4ZK/EgS/cQ=
github.com/mattn/go-colorable v0.0.9 h1:UVL0vNpWh04HeJXV0KLcaT7r06gOH2l4OW6ddYRUIY4=
github.com/mattn/go-colorable v0.0.9/go.mod h1:9vuHe8Xs5qXnSaW/c/ABM9alt+Vo+STaOChaDxuIBZU=
github.com/mattn/go-isatty v0.0.2 h1:F+DnWktyadxnOrohKLNUC9/GjFii5RJgY4GFG6ilggw=
github.com/mattn/go-isatty v0.0.2/go.mod h1:M+lRXTBqGeGNdLjl/ufCoiOlB5xdOkqRJdNxMWT7Zi4=
github.com/mattn/go-runewidth v0.0.2 h1:UnlwIPBGaTZfPQ6T1IGzPI0EkYAQmT9fAEJ/poFC63o=
github.com/mattn/go-runewidth v0.0.2/go.mod h1:LwmH8dsx7+W8Uxz3IHJYH5QSwggIsqBzpuz5H//U1FU=
github.com/mgutz/ansi v0.0.0-20170206155736-9520e82c474b h1:j7+1HpAFS1zy5+Q4qx1fWh90gTKwiN4QCGoY9TWyyO4=
github.com/mgutz/ansi v0.0.0-20170206155736-9520e82c474b/go.mod h1:01TrycV0kFyexm33Z7vhZRXopbI8J3TDReVlkTgMUxE=
github.com/mgutz/logxi v0.0.0-20161027140823-aebf8a7d67ab h1:n8cgpHzJ5+EDyDri2s/GC7a9+qK3/YEGnBsd0uS/8PY=
github.com/mgutz/logxi v0.0.0-20161027140823-aebf8a7d67ab/go.mod h1:y1pL58r5z2VvAjeG1VLGc8zOQgSOzbKN7kMHPvFXJ+8=
github.com/mitchellh/go-homedir v0.0.0-20161203194507-b8bc1bf76747 h1:eQox4Rh4ewJF+mqYPxCkmBAirRnPaHEB26UkNuPyjlk=
github.com/mitchellh/go-homedir v0.0.0-20161203194507-b8bc1bf76747/go.mod h1:SfyaCUpYCn1Vlf4IUYiD9fPX4A5wJrkLzIz1N1q0pr0=
github.com/pkg/errors v0.8.0 h1:WdK/asTD0HN+q6hsWO3/vpuAkAr+tw6aNJNDFFf0+qw=
github.com/pkg/errors v0.8.0/go.mod h1:bwawxfHBFNV+L2hUp1rHADufV3IMtnDRdf1r5NINEl0=
github.com/pmezard/go-difflib v1.0.0 h1:4DBwDE0NGyQoBHbLQYPwSUPoCMWR5BEzIk/f1lZbAQM=
github.com/pmezard/go-difflib v1.0.0/go.mod h1:iKH77koFhYxTK1pcRnkKkqfTogsbg7gZNVY4sRDYZ/4=
github.com/raff/goble v0.0.0-20170814221208-b12b34f940c4 h1:wa4KKsyv+e7TmpzAfp+TWXG+3s/ZWaQ4QsVqMU5oUrk=
github.com/raff/goble v0.0.0-20170814221208-b12b34f940c4/go.mod h1:CxaUhijgLFX0AROtH5mluSY71VqpjQBw9JXE2UKZmc4=
github.com/runtimeco/go-coap v0.0.0-20180109101419-47c23e2a63ea h1:zTOcylKcdobkyW4gySyvvHkAGnOP0QNcGaO0ZQJFgxQ=
github.com/runtimeco/go-coap v0.0.0-20180109101419-47c23e2a63ea/go.mod h1:x/rLuxedbWFDN497ZirUaDklkWz6JhZLjGdgurMysxM=
github.com/sirupsen/logrus v1.0.5/go.mod h1:pMByvHTf9Beacp5x1UXfOR9xyW/9antXMhjMPG0dEzc=
github.com/sirupsen/logrus v1.4.1 h1:GL2rEmy6nsikmW0r8opw9JIRScdMF5hA8cOYLH7In1k=
github.com/sirupsen/logrus v1.4.1/go.mod h1:ni0Sbl8bgC9z8RoU9G6nDWqqs/fq4eDPysMBDgk/93Q=
github.com/spf13/cast v1.2.0/go.mod h1:r2rcYCSwa1IExKTDiTfzaxqT2FNHs8hODu4LnUfgKEg=
github.com/spf13/cobra v0.0.3 h1:ZlrZ4XsMRm04Fr5pSFxBgfND2EBVa1nLpiy1stUsX/8=
github.com/spf13/cobra v0.0.3/go.mod h1:1l0Ry5zgKvJasoi3XT1TypsSe7PqH0Sj9dhYf7v3XqQ=
github.com/spf13/pflag v1.0.1/go.mod h1:DYY7MBk1bdzusC3SYhjObp+wFpr4gzcvqqNjLnInEg4=
github.com/spf13/pflag v1.0.3 h1:zPAT6CGy6wXeQ7NtTnaTerfKOsV6V6F8agHXFiazDkg=
github.com/spf13/pflag v1.0.3/go.mod h1:DYY7MBk1bdzusC3SYhjObp+wFpr4gzcvqqNjLnInEg4=
github.com/stretchr/objx v0.1.1/go.mod h1:HFkY916IF+rwdDfMAkV7OtwuqBVzrE8GR6GFx+wExME=
github.com/stretchr/testify v1.2.2 h1:bSDNvY7ZPG5RlJ8otE/7V6gMiyenm9RtJ7IUVIAoJ1w=
github.com/stretchr/testify v1.2.2/go.mod h1:a8OnRcib4nhh0OaRAV+Yts87kKdq0PP7pXfy6kDkUVs=
github.com/tarm/serial v0.0.0-20170530023055-e50d7d20b1f6 h1:4D7IbZRb3ZNaCXr262suXQo+kS7huEZTLTFhZHK+81g=
github.com/tarm/serial v0.0.0-20170530023055-e50d7d20b1f6/go.mod h1:kDXzergiv9cbyO7IOYJZWg1U88JhDg3PB6klq9Hg2pA=
github.com/ugorji/go v0.0.0-20170826155943-8c0409fcbb70 h1:zcmkQE363EFyCTXGCo948vuTB9jtOd3xUXomj+Kfr4s=
github.com/ugorji/go v0.0.0-20170826155943-8c0409fcbb70/go.mod h1:hnLbHMwcvSihnDhEfx2/BzKp2xb0Y+ErdfYcrs9tkJQ=
golang.org/x/crypto v0.0.0-20180621125126-a49355c7e3f8/go.mod h1:6SG95UA2DQfeDnfUPMdvaQW0Q7yPrPDi9nlGo2tz2b4=
golang.org/x/net v0.0.0-20170828231752-66aacef3dd8a h1:DZGc/od29xzgmdBTGZL3zqLaoHS0O+qdIEYJNkOxDKM=
golang.org/x/net v0.0.0-20170828231752-66aacef3dd8a/go.mod h1:mL1N/T3taQHkDXs73rZJwtUhF3w3ftmwwsq0BUmARs4=
golang.org/x/sys v0.0.0-20180707002001-3c6ecd8f22c6/go.mod h1:STP8DvDyc/dI5b8T5hshtkjS+E42TnysNCUPdjciGhY=
golang.org/x/sys v0.0.0-20180905080454-ebe1bf3edb33 h1:I6FyU15t786LL7oL/hn43zqTuEGr4PN7F4XJ1p4E3Y8=
golang.org/x/sys v0.0.0-20180905080454-ebe1bf3edb33/go.mod h1:STP8DvDyc/dI5b8T5hshtkjS+E42TnysNCUPdjciGhY=
gopkg.in/abiosoft/ishell.v1 v1.0.0-20171224170712-50251d04cb42 h1:SC3lEzz9Nt8Ur/Xn7AUS8qtjtnyDUOG3pB7hJ8JT1qM=
gopkg.in/abiosoft/ishell.v1 v1.0.0-20171224170712-50251d04cb42/go.mod h1:3LjPMJqZQyIeenUuJm+3oamADXoWVncBdPuAEY3SNZ4=
gopkg.in/cheggaaa/pb.v1 v1.0.28 h1:n1tBJnnK2r7g9OW2btFH91V92STTUevLXYFb8gy9EMk=
gopkg.in/cheggaaa/pb.v1 v1.0.28/go.mod h1:V/YB90LKu/1FcN3WVnfiiE5oMCibMjukxqG/qStrOgw=
mynewt.apache.org/newt v0.0.0-20190515182908-60fc2df06bfc h1:K0/vRbTP33/68ioS1FS+u4zJ5WQDDUgYS/9BO9H0xP4=
mynewt.apache.org/newt v0.0.0-20190515182908-60fc2df06bfc/go.mod h1:lFsPYOHxMMWA11pydOeh0GVFiXtx0A9VnzOQ6SiRR88=
